<?xml version="1.0" encoding="Windows-1252"?>
<Project ToolsVersion="12.0" xmlns="http://schemas.microsoft.com/developer/msbuild/2003">
  <ItemGroup>
    <CustomBuild Include="C:\Users\Sebastian\Desktop\CGUE\CMakeFiles\bdd49d6ca8c4fd14277e6ccc74c983c9\generate.stamp.rule">
      <Filter>CMake Rules</Filter>
    </CustomBuild>
  </ItemGroup>
  <ItemGroup>
    <Filter Include="CMake Rules">
      <UniqueIdentifier>{5EDCDE10-D5C3-489F-A81C-535B23165F28}</UniqueIdentifier>
    </Filter>
  </ItemGroup>
</Project>
